
Microsoft Visual Studio Solution File, Format Version 12.00
# Visual Studio Version 17
VisualStudioVersion = 17.0.31903.59
MinimumVisualStudioVersion = 10.0.40219.1
Project("{FAE04EC0-301F-11D3-BF4B-00C04F79EFBC}") = "MyFhirSdk", "MyFhirSdk.csproj", "{4171748F-6FAE-4CAB-BCCA-7D87926295E9}"
EndProject
Project("{2150E333-8FDC-42A3-9474-1A3956D46DE8}") = "Tests", "Tests", "{0AB3BF05-4346-4AA6-1389-037BE0695223}"
EndProject
Project("{2150E333-8FDC-42A3-9474-1A3956D46DE8}") = "Client", "Client", "{7666E21D-583E-E4FE-A88E-7F4FC790134B}"
EndProject
Project("{FAE04EC0-301F-11D3-BF4B-00C04F79EFBC}") = "MyFhirSdk.Client.Tests", "Tests\Client\MyFhirSdk.Client.Tests.csproj", "{53304559-FCC0-4B18-97B3-6AB497765268}"
EndProject
Project("{2150E333-8FDC-42A3-9474-1A3956D46DE8}") = "Parser", "Parser", "{E54B9112-D21C-6C4A-89FB-DFB68747A514}"
EndProject
Project("{2150E333-8FDC-42A3-9474-1A3956D46DE8}") = "Json", "Json", "{C90A38F8-0F1D-6FAD-AAFF-139A6AA11294}"
EndProject
Project("{FAE04EC0-301F-11D3-BF4B-00C04F79EFBC}") = "MyFhirSdk.Parser.Json.Tests", "Tests\Parser\Json\MyFhirSdk.Parser.Json.Tests.csproj", "{50B249DF-C3EE-4038-8038-F330B51B62C6}"
EndProject
Project("{2150E333-8FDC-42A3-9474-1A3956D46DE8}") = "Serializer", "Serializer", "{8F58A424-1B4C-B977-1717-5C9F93953394}"
EndProject
Project("{2150E333-8FDC-42A3-9474-1A3956D46DE8}") = "Json", "Json", "{4B987FF1-D8F6-B0B2-03A9-BC8BBA7B5FB6}"
EndProject
Project("{FAE04EC0-301F-11D3-BF4B-00C04F79EFBC}") = "MyFhirSdk.Serialization.Json.Tests", "Tests\Serializer\Json\MyFhirSdk.Serialization.Json.Tests.csproj", "{2F24E0D8-F37B-4E78-81C2-0165C736EB51}"
EndProject
Project("{2150E333-8FDC-42A3-9474-1A3956D46DE8}") = "Validation", "Validation", "{C886730C-8189-39BA-4B4F-FDAFFF7908EC}"
EndProject
Project("{FAE04EC0-301F-11D3-BF4B-00C04F79EFBC}") = "MyFhirSdk.Validation.Tests", "Tests\Validation\MyFhirSdk.Validation.Tests.csproj", "{28502DA6-62EF-4DAB-B2CA-2B4D77FAC00F}"
EndProject
Global
	GlobalSection(SolutionConfigurationPlatforms) = preSolution
		Debug|Any CPU = Debug|Any CPU
		Debug|x64 = Debug|x64
		Debug|x86 = Debug|x86
		Release|Any CPU = Release|Any CPU
		Release|x64 = Release|x64
		Release|x86 = Release|x86
	EndGlobalSection
	GlobalSection(ProjectConfigurationPlatforms) = postSolution
		{4171748F-6FAE-4CAB-BCCA-7D87926295E9}.Debug|Any CPU.ActiveCfg = Debug|Any CPU
		{4171748F-6FAE-4CAB-BCCA-7D87926295E9}.Debug|Any CPU.Build.0 = Debug|Any CPU
		{4171748F-6FAE-4CAB-BCCA-7D87926295E9}.Debug|x64.ActiveCfg = Debug|Any CPU
		{4171748F-6FAE-4CAB-BCCA-7D87926295E9}.Debug|x64.Build.0 = Debug|Any CPU
		{4171748F-6FAE-4CAB-BCCA-7D87926295E9}.Debug|x86.ActiveCfg = Debug|Any CPU
		{4171748F-6FAE-4CAB-BCCA-7D87926295E9}.Debug|x86.Build.0 = Debug|Any CPU
		{4171748F-6FAE-4CAB-BCCA-7D87926295E9}.Release|Any CPU.ActiveCfg = Release|Any CPU
		{4171748F-6FAE-4CAB-BCCA-7D87926295E9}.Release|Any CPU.Build.0 = Release|Any CPU
		{4171748F-6FAE-4CAB-BCCA-7D87926295E9}.Release|x64.ActiveCfg = Release|Any CPU
		{4171748F-6FAE-4CAB-BCCA-7D87926295E9}.Release|x64.Build.0 = Release|Any CPU
		{4171748F-6FAE-4CAB-BCCA-7D87926295E9}.Release|x86.ActiveCfg = Release|Any CPU
		{4171748F-6FAE-4CAB-BCCA-7D87926295E9}.Release|x86.Build.0 = Release|Any CPU
		{53304559-FCC0-4B18-97B3-6AB497765268}.Debug|Any CPU.ActiveCfg = Debug|Any CPU
		{53304559-FCC0-4B18-97B3-6AB497765268}.Debug|Any CPU.Build.0 = Debug|Any CPU
		{53304559-FCC0-4B18-97B3-6AB497765268}.Debug|x64.ActiveCfg = Debug|Any CPU
		{53304559-FCC0-4B18-97B3-6AB497765268}.Debug|x64.Build.0 = Debug|Any CPU
		{53304559-FCC0-4B18-97B3-6AB497765268}.Debug|x86.ActiveCfg = Debug|Any CPU
		{53304559-FCC0-4B18-97B3-6AB497765268}.Debug|x86.Build.0 = Debug|Any CPU
		{53304559-FCC0-4B18-97B3-6AB497765268}.Release|Any CPU.ActiveCfg = Release|Any CPU
		{53304559-FCC0-4B18-97B3-6AB497765268}.Release|Any CPU.Build.0 = Release|Any CPU
		{53304559-FCC0-4B18-97B3-6AB497765268}.Release|x64.ActiveCfg = Release|Any CPU
		{53304559-FCC0-4B18-97B3-6AB497765268}.Release|x64.Build.0 = Release|Any CPU
		{53304559-FCC0-4B18-97B3-6AB497765268}.Release|x86.ActiveCfg = Release|Any CPU
		{53304559-FCC0-4B18-97B3-6AB497765268}.Release|x86.Build.0 = Release|Any CPU
		{50B249DF-C3EE-4038-8038-F330B51B62C6}.Debug|Any CPU.ActiveCfg = Debug|Any CPU
		{50B249DF-C3EE-4038-8038-F330B51B62C6}.Debug|Any CPU.Build.0 = Debug|Any CPU
		{50B249DF-C3EE-4038-8038-F330B51B62C6}.Debug|x64.ActiveCfg = Debug|Any CPU
		{50B249DF-C3EE-4038-8038-F330B51B62C6}.Debug|x64.Build.0 = Debug|Any CPU
		{50B249DF-C3EE-4038-8038-F330B51B62C6}.Debug|x86.ActiveCfg = Debug|Any CPU
		{50B249DF-C3EE-4038-8038-F330B51B62C6}.Debug|x86.Build.0 = Debug|Any CPU
		{50B249DF-C3EE-4038-8038-F330B51B62C6}.Release|Any CPU.ActiveCfg = Release|Any CPU
		{50B249DF-C3EE-4038-8038-F330B51B62C6}.Release|Any CPU.Build.0 = Release|Any CPU
		{50B249DF-C3EE-4038-8038-F330B51B62C6}.Release|x64.ActiveCfg = Release|Any CPU
		{50B249DF-C3EE-4038-8038-F330B51B62C6}.Release|x64.Build.0 = Release|Any CPU
		{50B249DF-C3EE-4038-8038-F330B51B62C6}.Release|x86.ActiveCfg = Release|Any CPU
		{50B249DF-C3EE-4038-8038-F330B51B62C6}.Release|x86.Build.0 = Release|Any CPU
		{2F24E0D8-F37B-4E78-81C2-0165C736EB51}.Debug|Any CPU.ActiveCfg = Debug|Any CPU
		{2F24E0D8-F37B-4E78-81C2-0165C736EB51}.Debug|Any CPU.Build.0 = Debug|Any CPU
		{2F24E0D8-F37B-4E78-81C2-0165C736EB51}.Debug|x64.ActiveCfg = Debug|Any CPU
		{2F24E0D8-F37B-4E78-81C2-0165C736EB51}.Debug|x64.Build.0 = Debug|Any CPU
		{2F24E0D8-F37B-4E78-81C2-0165C736EB51}.Debug|x86.ActiveCfg = Debug|Any CPU
		{2F24E0D8-F37B-4E78-81C2-0165C736EB51}.Debug|x86.Build.0 = Debug|Any CPU
		{2F24E0D8-F37B-4E78-81C2-0165C736EB51}.Release|Any CPU.ActiveCfg = Release|Any CPU
		{2F24E0D8-F37B-4E78-81C2-0165C736EB51}.Release|Any CPU.Build.0 = Release|Any CPU
		{2F24E0D8-F37B-4E78-81C2-0165C736EB51}.Release|x64.ActiveCfg = Release|Any CPU
		{2F24E0D8-F37B-4E78-81C2-0165C736EB51}.Release|x64.Build.0 = Release|Any CPU
		{2F24E0D8-F37B-4E78-81C2-0165C736EB51}.Release|x86.ActiveCfg = Release|Any CPU
		{2F24E0D8-F37B-4E78-81C2-0165C736EB51}.Release|x86.Build.0 = Release|Any CPU
		{28502DA6-62EF-4DAB-B2CA-2B4D77FAC00F}.Debug|Any CPU.ActiveCfg = Debug|Any CPU
		{28502DA6-62EF-4DAB-B2CA-2B4D77FAC00F}.Debug|Any CPU.Build.0 = Debug|Any CPU
		{28502DA6-62EF-4DAB-B2CA-2B4D77FAC00F}.Debug|x64.ActiveCfg = Debug|Any CPU
		{28502DA6-62EF-4DAB-B2CA-2B4D77FAC00F}.Debug|x64.Build.0 = Debug|Any CPU
		{28502DA6-62EF-4DAB-B2CA-2B4D77FAC00F}.Debug|x86.ActiveCfg = Debug|Any CPU
		{28502DA6-62EF-4DAB-B2CA-2B4D77FAC00F}.Debug|x86.Build.0 = Debug|Any CPU
		{28502DA6-62EF-4DAB-B2CA-2B4D77FAC00F}.Release|Any CPU.ActiveCfg = Release|Any CPU
		{28502DA6-62EF-4DAB-B2CA-2B4D77FAC00F}.Release|Any CPU.Build.0 = Release|Any CPU
		{28502DA6-62EF-4DAB-B2CA-2B4D77FAC00F}.Release|x64.ActiveCfg = Release|Any CPU
		{28502DA6-62EF-4DAB-B2CA-2B4D77FAC00F}.Release|x64.Build.0 = Release|Any CPU
		{28502DA6-62EF-4DAB-B2CA-2B4D77FAC00F}.Release|x86.ActiveCfg = Release|Any CPU
		{28502DA6-62EF-4DAB-B2CA-2B4D77FAC00F}.Release|x86.Build.0 = Release|Any CPU
	EndGlobalSection
	GlobalSection(SolutionProperties) = preSolution
		HideSolutionNode = FALSE
	EndGlobalSection
	GlobalSection(NestedProjects) = preSolution
		{7666E21D-583E-E4FE-A88E-7F4FC790134B} = {0AB3BF05-4346-4AA6-1389-037BE0695223}
		{53304559-FCC0-4B18-97B3-6AB497765268} = {7666E21D-583E-E4FE-A88E-7F4FC790134B}
		{E54B9112-D21C-6C4A-89FB-DFB68747A514} = {0AB3BF05-4346-4AA6-1389-037BE0695223}
		{C90A38F8-0F1D-6FAD-AAFF-139A6AA11294} = {E54B9112-D21C-6C4A-89FB-DFB68747A514}
		{50B249DF-C3EE-4038-8038-F330B51B62C6} = {C90A38F8-0F1D-6FAD-AAFF-139A6AA11294}
		{8F58A424-1B4C-B977-1717-5C9F93953394} = {0AB3BF05-4346-4AA6-1389-037BE0695223}
		{4B987FF1-D8F6-B0B2-03A9-BC8BBA7B5FB6} = {8F58A424-1B4C-B977-1717-5C9F93953394}
		{2F24E0D8-F37B-4E78-81C2-0165C736EB51} = {4B987FF1-D8F6-B0B2-03A9-BC8BBA7B5FB6}
		{C886730C-8189-39BA-4B4F-FDAFFF7908EC} = {0AB3BF05-4346-4AA6-1389-037BE0695223}
		{28502DA6-62EF-4DAB-B2CA-2B4D77FAC00F} = {C886730C-8189-39BA-4B4F-FDAFFF7908EC}
	EndGlobalSection
EndGlobal
